
Microsoft Visual Studio Solution File, Format Version 12.00
# Visual Studio Version 17
VisualStudioVersion = 17.10.35013.160
MinimumVisualStudioVersion = 10.0.40219.1
Project("{9A19103F-16F7-4668-BE54-9A1E7A4F7556}") = "DoradosBlazor.Server", "DoradosBlazor.Server\DoradosBlazor.Server.csproj", "{F3918C39-A78C-424A-85C3-825F7352FA7A}"
EndProject
Project("{9A19103F-16F7-4668-BE54-9A1E7A4F7556}") = "DoradosBlazor.Shared", "DoradosBlazor.Shared\DoradosBlazor.Shared.csproj", "{981E4F8C-DFFD-4691-BC4B-5ABD26EFB86C}"
EndProject
Project("{9A19103F-16F7-4668-BE54-9A1E7A4F7556}") = "DoradosBlazor.Client", "DoradosBlazor.Client\DoradosBlazor.Client.csproj", "{3AB82B95-5CD7-4E12-B7C4-990B8DABE418}"
EndProject
Global
	GlobalSection(SolutionConfigurationPlatforms) = preSolution
		Debug|Any CPU = Debug|Any CPU
		Release|Any CPU = Release|Any CPU
	EndGlobalSection
	GlobalSection(ProjectConfigurationPlatforms) = postSolution
		{F3918C39-A78C-424A-85C3-825F7352FA7A}.Debug|Any CPU.ActiveCfg = Debug|Any CPU
		{F3918C39-A78C-424A-85C3-825F7352FA7A}.Debug|Any CPU.Build.0 = Debug|Any CPU
		{F3918C39-A78C-424A-85C3-825F7352FA7A}.Release|Any CPU.ActiveCfg = Release|Any CPU
		{F3918C39-A78C-424A-85C3-825F7352FA7A}.Release|Any CPU.Build.0 = Release|Any CPU
		{981E4F8C-DFFD-4691-BC4B-5ABD26EFB86C}.Debug|Any CPU.ActiveCfg = Debug|Any CPU
		{981E4F8C-DFFD-4691-BC4B-5ABD26EFB86C}.Debug|Any CPU.Build.0 = Debug|Any CPU
		{981E4F8C-DFFD-4691-BC4B-5ABD26EFB86C}.Release|Any CPU.ActiveCfg = Release|Any CPU
		{981E4F8C-DFFD-4691-BC4B-5ABD26EFB86C}.Release|Any CPU.Build.0 = Release|Any CPU
		{3AB82B95-5CD7-4E12-B7C4-990B8DABE418}.Debug|Any CPU.ActiveCfg = Debug|Any CPU
		{3AB82B95-5CD7-4E12-B7C4-990B8DABE418}.Debug|Any CPU.Build.0 = Debug|Any CPU
		{3AB82B95-5CD7-4E12-B7C4-990B8DABE418}.Release|Any CPU.ActiveCfg = Release|Any CPU
		{3AB82B95-5CD7-4E12-B7C4-990B8DABE418}.Release|Any CPU.Build.0 = Release|Any CPU
	EndGlobalSection
	GlobalSection(SolutionProperties) = preSolution
		HideSolutionNode = FALSE
	EndGlobalSection
	GlobalSection(ExtensibilityGlobals) = postSolution
		SolutionGuid = {0A9E2E2F-A6B0-4D09-80C2-E38D10122A03}
	EndGlobalSection
EndGlobal
