
Microsoft Visual Studio Solution File, Format Version 12.00
# Visual Studio Version 17
VisualStudioVersion = 17.14.36408.4 d17.14
MinimumVisualStudioVersion = 10.0.40219.1
Project("{FAE04EC0-301F-11D3-BF4B-00C04F79EFBC}") = "Truprecio.Shared", "Truprecio.Shared\Truprecio.Shared.csproj", "{62E69C60-8611-4E39-9E26-402365FD617B}"
EndProject
Project("{FAE04EC0-301F-11D3-BF4B-00C04F79EFBC}") = "Truprecio.Server", "Truprecio.Server\Truprecio.Server.csproj", "{151DFE4C-1162-4238-A15B-D206F9E4C303}"
EndProject
Project("{FAE04EC0-301F-11D3-BF4B-00C04F79EFBC}") = "Truprecio.Client", "Truprecio.Client\Truprecio.Client.csproj", "{0AB5B724-415F-470B-88A2-AF746AE59ACD}"
EndProject
Global
	GlobalSection(SolutionConfigurationPlatforms) = preSolution
		Debug|Any CPU = Debug|Any CPU
		Release|Any CPU = Release|Any CPU
	EndGlobalSection
	GlobalSection(ProjectConfigurationPlatforms) = postSolution
		{62E69C60-8611-4E39-9E26-402365FD617B}.Debug|Any CPU.ActiveCfg = Debug|Any CPU
		{62E69C60-8611-4E39-9E26-402365FD617B}.Debug|Any CPU.Build.0 = Debug|Any CPU
		{62E69C60-8611-4E39-9E26-402365FD617B}.Release|Any CPU.ActiveCfg = Release|Any CPU
		{62E69C60-8611-4E39-9E26-402365FD617B}.Release|Any CPU.Build.0 = Release|Any CPU
		{151DFE4C-1162-4238-A15B-D206F9E4C303}.Debug|Any CPU.ActiveCfg = Debug|Any CPU
		{151DFE4C-1162-4238-A15B-D206F9E4C303}.Debug|Any CPU.Build.0 = Debug|Any CPU
		{151DFE4C-1162-4238-A15B-D206F9E4C303}.Release|Any CPU.ActiveCfg = Release|Any CPU
		{151DFE4C-1162-4238-A15B-D206F9E4C303}.Release|Any CPU.Build.0 = Release|Any CPU
		{0AB5B724-415F-470B-88A2-AF746AE59ACD}.Debug|Any CPU.ActiveCfg = Debug|Any CPU
		{0AB5B724-415F-470B-88A2-AF746AE59ACD}.Debug|Any CPU.Build.0 = Debug|Any CPU
		{0AB5B724-415F-470B-88A2-AF746AE59ACD}.Release|Any CPU.ActiveCfg = Release|Any CPU
		{0AB5B724-415F-470B-88A2-AF746AE59ACD}.Release|Any CPU.Build.0 = Release|Any CPU
	EndGlobalSection
	GlobalSection(SolutionProperties) = preSolution
		HideSolutionNode = FALSE
	EndGlobalSection
	GlobalSection(ExtensibilityGlobals) = postSolution
		SolutionGuid = {7D739BBB-3C09-4AEE-A3C0-5E3529BD6041}
	EndGlobalSection
EndGlobal
